
Microsoft Visual Studio Solution File, Format Version 12.00
# Visual Studio Version 16
VisualStudioVersion = 16.0.31702.278
MinimumVisualStudioVersion = 10.0.40219.1
Project("{FAE04EC0-301F-11D3-BF4B-00C04F79EFBC}") = "WebAPI", "WebAPI\WebAPI.csproj", "{BAAAD3FB-E3C0-4CF0-BE88-6CDA721AA07F}"
EndProject
Project("{FAE04EC0-301F-11D3-BF4B-00C04F79EFBC}") = "Ceteras_Alina_Lab12.Android", "Ceteras_Alina_Lab12\Ceteras_Alina_Lab12.Android\Ceteras_Alina_Lab12.Android.csproj", "{1CA21684-24CB-4FBE-BA85-E6A4D067DECD}"
EndProject
Project("{FAE04EC0-301F-11D3-BF4B-00C04F79EFBC}") = "Ceteras_Alina_Lab12.iOS", "Ceteras_Alina_Lab12\Ceteras_Alina_Lab12.iOS\Ceteras_Alina_Lab12.iOS.csproj", "{E0AC0BE7-2D62-46CB-A777-5E510E0DF046}"
EndProject
Project("{FAE04EC0-301F-11D3-BF4B-00C04F79EFBC}") = "Ceteras_Alina_Lab12", "Ceteras_Alina_Lab12\Ceteras_Alina_Lab12\Ceteras_Alina_Lab12.csproj", "{AD079D89-748D-4420-885C-9BD10E7AAFAB}"
EndProject
Global
	GlobalSection(SolutionConfigurationPlatforms) = preSolution
		Debug|Any CPU = Debug|Any CPU
		Debug|iPhone = Debug|iPhone
		Debug|iPhoneSimulator = Debug|iPhoneSimulator
		Release|Any CPU = Release|Any CPU
		Release|iPhone = Release|iPhone
		Release|iPhoneSimulator = Release|iPhoneSimulator
	EndGlobalSection
	GlobalSection(ProjectConfigurationPlatforms) = postSolution
		{BAAAD3FB-E3C0-4CF0-BE88-6CDA721AA07F}.Debug|Any CPU.ActiveCfg = Debug|Any CPU
		{BAAAD3FB-E3C0-4CF0-BE88-6CDA721AA07F}.Debug|Any CPU.Build.0 = Debug|Any CPU
		{BAAAD3FB-E3C0-4CF0-BE88-6CDA721AA07F}.Debug|iPhone.ActiveCfg = Debug|Any CPU
		{BAAAD3FB-E3C0-4CF0-BE88-6CDA721AA07F}.Debug|iPhone.Build.0 = Debug|Any CPU
		{BAAAD3FB-E3C0-4CF0-BE88-6CDA721AA07F}.Debug|iPhoneSimulator.ActiveCfg = Debug|Any CPU
		{BAAAD3FB-E3C0-4CF0-BE88-6CDA721AA07F}.Debug|iPhoneSimulator.Build.0 = Debug|Any CPU
		{BAAAD3FB-E3C0-4CF0-BE88-6CDA721AA07F}.Release|Any CPU.ActiveCfg = Release|Any CPU
		{BAAAD3FB-E3C0-4CF0-BE88-6CDA721AA07F}.Release|Any CPU.Build.0 = Release|Any CPU
		{BAAAD3FB-E3C0-4CF0-BE88-6CDA721AA07F}.Release|iPhone.ActiveCfg = Release|Any CPU
		{BAAAD3FB-E3C0-4CF0-BE88-6CDA721AA07F}.Release|iPhone.Build.0 = Release|Any CPU
		{BAAAD3FB-E3C0-4CF0-BE88-6CDA721AA07F}.Release|iPhoneSimulator.ActiveCfg = Release|Any CPU
		{BAAAD3FB-E3C0-4CF0-BE88-6CDA721AA07F}.Release|iPhoneSimulator.Build.0 = Release|Any CPU
		{1CA21684-24CB-4FBE-BA85-E6A4D067DECD}.Debug|Any CPU.ActiveCfg = Debug|Any CPU
		{1CA21684-24CB-4FBE-BA85-E6A4D067DECD}.Debug|Any CPU.Build.0 = Debug|Any CPU
		{1CA21684-24CB-4FBE-BA85-E6A4D067DECD}.Debug|Any CPU.Deploy.0 = Debug|Any CPU
		{1CA21684-24CB-4FBE-BA85-E6A4D067DECD}.Debug|iPhone.ActiveCfg = Debug|Any CPU
		{1CA21684-24CB-4FBE-BA85-E6A4D067DECD}.Debug|iPhone.Build.0 = Debug|Any CPU
		{1CA21684-24CB-4FBE-BA85-E6A4D067DECD}.Debug|iPhone.Deploy.0 = Debug|Any CPU
		{1CA21684-24CB-4FBE-BA85-E6A4D067DECD}.Debug|iPhoneSimulator.ActiveCfg = Debug|Any CPU
		{1CA21684-24CB-4FBE-BA85-E6A4D067DECD}.Debug|iPhoneSimulator.Build.0 = Debug|Any CPU
		{1CA21684-24CB-4FBE-BA85-E6A4D067DECD}.Debug|iPhoneSimulator.Deploy.0 = Debug|Any CPU
		{1CA21684-24CB-4FBE-BA85-E6A4D067DECD}.Release|Any CPU.ActiveCfg = Release|Any CPU
		{1CA21684-24CB-4FBE-BA85-E6A4D067DECD}.Release|Any CPU.Build.0 = Release|Any CPU
		{1CA21684-24CB-4FBE-BA85-E6A4D067DECD}.Release|Any CPU.Deploy.0 = Release|Any CPU
		{1CA21684-24CB-4FBE-BA85-E6A4D067DECD}.Release|iPhone.ActiveCfg = Release|Any CPU
		{1CA21684-24CB-4FBE-BA85-E6A4D067DECD}.Release|iPhone.Build.0 = Release|Any CPU
		{1CA21684-24CB-4FBE-BA85-E6A4D067DECD}.Release|iPhone.Deploy.0 = Release|Any CPU
		{1CA21684-24CB-4FBE-BA85-E6A4D067DECD}.Release|iPhoneSimulator.ActiveCfg = Release|Any CPU
		{1CA21684-24CB-4FBE-BA85-E6A4D067DECD}.Release|iPhoneSimulator.Build.0 = Release|Any CPU
		{1CA21684-24CB-4FBE-BA85-E6A4D067DECD}.Release|iPhoneSimulator.Deploy.0 = Release|Any CPU
		{E0AC0BE7-2D62-46CB-A777-5E510E0DF046}.Debug|Any CPU.ActiveCfg = Debug|iPhoneSimulator
		{E0AC0BE7-2D62-46CB-A777-5E510E0DF046}.Debug|iPhone.ActiveCfg = Debug|iPhone
		{E0AC0BE7-2D62-46CB-A777-5E510E0DF046}.Debug|iPhone.Build.0 = Debug|iPhone
		{E0AC0BE7-2D62-46CB-A777-5E510E0DF046}.Debug|iPhoneSimulator.ActiveCfg = Debug|iPhoneSimulator
		{E0AC0BE7-2D62-46CB-A777-5E510E0DF046}.Debug|iPhoneSimulator.Build.0 = Debug|iPhoneSimulator
		{E0AC0BE7-2D62-46CB-A777-5E510E0DF046}.Release|Any CPU.ActiveCfg = Release|iPhoneSimulator
		{E0AC0BE7-2D62-46CB-A777-5E510E0DF046}.Release|iPhone.ActiveCfg = Release|iPhone
		{E0AC0BE7-2D62-46CB-A777-5E510E0DF046}.Release|iPhone.Build.0 = Release|iPhone
		{E0AC0BE7-2D62-46CB-A777-5E510E0DF046}.Release|iPhoneSimulator.ActiveCfg = Release|iPhoneSimulator
		{E0AC0BE7-2D62-46CB-A777-5E510E0DF046}.Release|iPhoneSimulator.Build.0 = Release|iPhoneSimulator
		{AD079D89-748D-4420-885C-9BD10E7AAFAB}.Debug|Any CPU.ActiveCfg = Debug|Any CPU
		{AD079D89-748D-4420-885C-9BD10E7AAFAB}.Debug|Any CPU.Build.0 = Debug|Any CPU
		{AD079D89-748D-4420-885C-9BD10E7AAFAB}.Debug|iPhone.ActiveCfg = Debug|Any CPU
		{AD079D89-748D-4420-885C-9BD10E7AAFAB}.Debug|iPhone.Build.0 = Debug|Any CPU
		{AD079D89-748D-4420-885C-9BD10E7AAFAB}.Debug|iPhoneSimulator.ActiveCfg = Debug|Any CPU
		{AD079D89-748D-4420-885C-9BD10E7AAFAB}.Debug|iPhoneSimulator.Build.0 = Debug|Any CPU
		{AD079D89-748D-4420-885C-9BD10E7AAFAB}.Release|Any CPU.ActiveCfg = Release|Any CPU
		{AD079D89-748D-4420-885C-9BD10E7AAFAB}.Release|Any CPU.Build.0 = Release|Any CPU
		{AD079D89-748D-4420-885C-9BD10E7AAFAB}.Release|iPhone.ActiveCfg = Release|Any CPU
		{AD079D89-748D-4420-885C-9BD10E7AAFAB}.Release|iPhone.Build.0 = Release|Any CPU
		{AD079D89-748D-4420-885C-9BD10E7AAFAB}.Release|iPhoneSimulator.ActiveCfg = Release|Any CPU
		{AD079D89-748D-4420-885C-9BD10E7AAFAB}.Release|iPhoneSimulator.Build.0 = Release|Any CPU
	EndGlobalSection
	GlobalSection(SolutionProperties) = preSolution
		HideSolutionNode = FALSE
	EndGlobalSection
	GlobalSection(ExtensibilityGlobals) = postSolution
		SolutionGuid = {0FAE0941-C034-4EA8-9FA1-F7CB3532C075}
	EndGlobalSection
EndGlobal
